
Microsoft Visual Studio Solution File, Format Version 12.00
# Visual Studio Version 16
VisualStudioVersion = 16.0.31321.278
MinimumVisualStudioVersion = 10.0.40219.1
Project("{FAE04EC0-301F-11D3-BF4B-00C04F79EFBC}") = "joke Site practice", "joke Site practice\joke Site practice.csproj", "{A9725610-3D89-4CC9-9FBB-C5DB705077ED}"
EndProject
Global
	GlobalSection(SolutionConfigurationPlatforms) = preSolution
		Debug|Any CPU = Debug|Any CPU
		Release|Any CPU = Release|Any CPU
	EndGlobalSection
	GlobalSection(ProjectConfigurationPlatforms) = postSolution
		{A9725610-3D89-4CC9-9FBB-C5DB705077ED}.Debug|Any CPU.ActiveCfg = Debug|Any CPU
		{A9725610-3D89-4CC9-9FBB-C5DB705077ED}.Debug|Any CPU.Build.0 = Debug|Any CPU
		{A9725610-3D89-4CC9-9FBB-C5DB705077ED}.Release|Any CPU.ActiveCfg = Release|Any CPU
		{A9725610-3D89-4CC9-9FBB-C5DB705077ED}.Release|Any CPU.Build.0 = Release|Any CPU
	EndGlobalSection
	GlobalSection(SolutionProperties) = preSolution
		HideSolutionNode = FALSE
	EndGlobalSection
	GlobalSection(ExtensibilityGlobals) = postSolution
		SolutionGuid = {90422FFD-F71D-4022-A0F8-A7768BBE3FAF}
	EndGlobalSection
EndGlobal
